// !$*UTF8*$!
{
	archiveVersion = 1;
	classes = {
	};
	objectVersion = 52;
	objects = {

/* Begin PBXBuildFile section */
		E911905523DC2B0B00F92CF8 /* SettingsNavigation.swift in Sources */ = {isa = PBXBuildFile; fileRef = E911905423DC2B0B00F92CF8 /* SettingsNavigation.swift */; };
		E911905823DC3CEF00F92CF8 /* ModalView in Frameworks */ = {isa = PBXBuildFile; productRef = E911905723DC3CEF00F92CF8 /* ModalView */; };
		E966F5CE23E90F6000E42299 /* StatisticsView.swift in Sources */ = {isa = PBXBuildFile; fileRef = E966F5CD23E90F6000E42299 /* StatisticsView.swift */; };
		E966F5D123E920D000E42299 /* SwiftUICharts in Frameworks */ = {isa = PBXBuildFile; productRef = E966F5D023E920D000E42299 /* SwiftUICharts */; };
		E9AC33B423D93B80004EF69E /* AppDelegate.swift in Sources */ = {isa = PBXBuildFile; fileRef = E9AC33B323D93B80004EF69E /* AppDelegate.swift */; };
		E9AC33B623D93B80004EF69E /* SceneDelegate.swift in Sources */ = {isa = PBXBuildFile; fileRef = E9AC33B523D93B80004EF69E /* SceneDelegate.swift */; };
		E9AC33B823D93B80004EF69E /* ContentView.swift in Sources */ = {isa = PBXBuildFile; fileRef = E9AC33B723D93B80004EF69E /* ContentView.swift */; };
		E9AC33BA23D93B81004EF69E /* Assets.xcassets in Resources */ = {isa = PBXBuildFile; fileRef = E9AC33B923D93B81004EF69E /* Assets.xcassets */; };
		E9AC33BD23D93B81004EF69E /* Preview Assets.xcassets in Resources */ = {isa = PBXBuildFile; fileRef = E9AC33BC23D93B81004EF69E /* Preview Assets.xcassets */; };
		E9AC33C023D93B81004EF69E /* LaunchScreen.storyboard in Resources */ = {isa = PBXBuildFile; fileRef = E9AC33BE23D93B81004EF69E /* LaunchScreen.storyboard */; };
		E9CF7F8623EA169C00E743DD /* ConcentricOnboardingView.swift in Sources */ = {isa = PBXBuildFile; fileRef = E9CF7F8523EA169C00E743DD /* ConcentricOnboardingView.swift */; };
		E9CF7F8823EA27D000E743DD /* MapView.swift in Sources */ = {isa = PBXBuildFile; fileRef = E9CF7F8723EA27D000E743DD /* MapView.swift */; };
		E9DE7DF923DD2B3E0038A912 /* ConnectionStatus.swift in Sources */ = {isa = PBXBuildFile; fileRef = E9DE7DF823DD2B3E0038A912 /* ConnectionStatus.swift */; };
		E9DE7DFB23DD2C7A0038A912 /* Card.swift in Sources */ = {isa = PBXBuildFile; fileRef = E9DE7DFA23DD2C7A0038A912 /* Card.swift */; };
/* End PBXBuildFile section */

/* Begin PBXContainerItemProxy section */
		E9AC33C723D93B82004EF69E /* PBXContainerItemProxy */ = {
			isa = PBXContainerItemProxy;
			containerPortal = E9AC33A823D93B80004EF69E /* Project object */;
			proxyType = 1;
			remoteGlobalIDString = E9AC33AF23D93B80004EF69E;
			remoteInfo = "Bottle Stats";
		};
/* End PBXContainerItemProxy section */

/* Begin PBXFileReference section */
		E911905423DC2B0B00F92CF8 /* SettingsNavigation.swift */ = {isa = PBXFileReference; lastKnownFileType = sourcecode.swift; path = SettingsNavigation.swift; sourceTree = "<group>"; };
		E966F5CD23E90F6000E42299 /* StatisticsView.swift */ = {isa = PBXFileReference; lastKnownFileType = sourcecode.swift; path = StatisticsView.swift; sourceTree = "<group>"; };
		E9AC33B023D93B80004EF69E /* Bottle Stats.app */ = {isa = PBXFileReference; explicitFileType = wrapper.application; includeInIndex = 0; path = "Bottle Stats.app"; sourceTree = BUILT_PRODUCTS_DIR; };
		E9AC33B323D93B80004EF69E /* AppDelegate.swift */ = {isa = PBXFileReference; lastKnownFileType = sourcecode.swift; path = AppDelegate.swift; sourceTree = "<group>"; };
		E9AC33B523D93B80004EF69E /* SceneDelegate.swift */ = {isa = PBXFileReference; lastKnownFileType = sourcecode.swift; path = SceneDelegate.swift; sourceTree = "<group>"; };
		E9AC33B723D93B80004EF69E /* ContentView.swift */ = {isa = PBXFileReference; lastKnownFileType = sourcecode.swift; path = ContentView.swift; sourceTree = "<group>"; };
		E9AC33B923D93B81004EF69E /* Assets.xcassets */ = {isa = PBXFileReference; lastKnownFileType = folder.assetcatalog; path = Assets.xcassets; sourceTree = "<group>"; };
		E9AC33BC23D93B81004EF69E /* Preview Assets.xcassets */ = {isa = PBXFileReference; lastKnownFileType = folder.assetcatalog; path = "Preview Assets.xcassets"; sourceTree = "<group>"; };
		E9AC33BF23D93B81004EF69E /* Base */ = {isa = PBXFileReference; lastKnownFileType = file.storyboard; name = Base; path = Base.lproj/LaunchScreen.storyboard; sourceTree = "<group>"; };
		E9AC33C123D93B81004EF69E /* Info.plist */ = {isa = PBXFileReference; lastKnownFileType = text.plist.xml; path = Info.plist; sourceTree = "<group>"; };
		E9AC33C623D93B82004EF69E /* Bottle StatsTests.xctest */ = {isa = PBXFileReference; explicitFileType = wrapper.cfbundle; includeInIndex = 0; path = "Bottle StatsTests.xctest"; sourceTree = BUILT_PRODUCTS_DIR; };
		E9CF7F8523EA169C00E743DD /* ConcentricOnboardingView.swift */ = {isa = PBXFileReference; lastKnownFileType = sourcecode.swift; path = ConcentricOnboardingView.swift; sourceTree = "<group>"; };
		E9CF7F8723EA27D000E743DD /* MapView.swift */ = {isa = PBXFileReference; lastKnownFileType = sourcecode.swift; path = MapView.swift; sourceTree = "<group>"; };
		E9DE7DF823DD2B3E0038A912 /* ConnectionStatus.swift */ = {isa = PBXFileReference; lastKnownFileType = sourcecode.swift; path = ConnectionStatus.swift; sourceTree = "<group>"; };
		E9DE7DFA23DD2C7A0038A912 /* Card.swift */ = {isa = PBXFileReference; lastKnownFileType = sourcecode.swift; path = Card.swift; sourceTree = "<group>"; };
/* End PBXFileReference section */

/* Begin PBXFrameworksBuildPhase section */
		E9AC33AD23D93B80004EF69E /* Frameworks */ = {
			isa = PBXFrameworksBuildPhase;
			buildActionMask = 2147483647;
			files = (
				E911905823DC3CEF00F92CF8 /* ModalView in Frameworks */,
				E966F5D123E920D000E42299 /* SwiftUICharts in Frameworks */,
			);
			runOnlyForDeploymentPostprocessing = 0;
		};
		E9AC33C323D93B82004EF69E /* Frameworks */ = {
			isa = PBXFrameworksBuildPhase;
			buildActionMask = 2147483647;
			files = (
			);
			runOnlyForDeploymentPostprocessing = 0;
		};
/* End PBXFrameworksBuildPhase section */

/* Begin PBXGroup section */
		E9AC33A723D93B80004EF69E = {
			isa = PBXGroup;
			children = (
				E9AC33B223D93B80004EF69E /* Bottle Stats */,
				E9AC33B123D93B80004EF69E /* Products */,
			);
			sourceTree = "<group>";
		};
		E9AC33B123D93B80004EF69E /* Products */ = {
			isa = PBXGroup;
			children = (
				E9AC33B023D93B80004EF69E /* Bottle Stats.app */,
				E9AC33C623D93B82004EF69E /* Bottle StatsTests.xctest */,
			);
			name = Products;
			sourceTree = "<group>";
		};
		E9AC33B223D93B80004EF69E /* Bottle Stats */ = {
			isa = PBXGroup;
			children = (
				E9AC33C123D93B81004EF69E /* Info.plist */,
				E9AC33B323D93B80004EF69E /* AppDelegate.swift */,
				E9DE7DFA23DD2C7A0038A912 /* Card.swift */,
				E9CF7F8523EA169C00E743DD /* ConcentricOnboardingView.swift */,
				E9DE7DF823DD2B3E0038A912 /* ConnectionStatus.swift */,
				E9AC33B723D93B80004EF69E /* ContentView.swift */,
				E9CF7F8723EA27D000E743DD /* MapView.swift */,
				E9AC33B523D93B80004EF69E /* SceneDelegate.swift */,
				E911905423DC2B0B00F92CF8 /* SettingsNavigation.swift */,
				E966F5CD23E90F6000E42299 /* StatisticsView.swift */,
				E9AC33B923D93B81004EF69E /* Assets.xcassets */,
				E9DE7DFF23DD703C0038A912 /* Images */,
				E9AC33BE23D93B81004EF69E /* LaunchScreen.storyboard */,
				E9AC33BB23D93B81004EF69E /* Preview Content */,
			);
			path = "Bottle Stats";
			sourceTree = "<group>";
		};
		E9AC33BB23D93B81004EF69E /* Preview Content */ = {
			isa = PBXGroup;
			children = (
				E9AC33BC23D93B81004EF69E /* Preview Assets.xcassets */,
			);
			path = "Preview Content";
			sourceTree = "<group>";
		};
		E9DE7DFF23DD703C0038A912 /* Images */ = {
			isa = PBXGroup;
			children = (
			);
			path = Images;
			sourceTree = "<group>";
		};
/* End PBXGroup section */

/* Begin PBXNativeTarget section */
		E9AC33AF23D93B80004EF69E /* Bottle Stats */ = {
			isa = PBXNativeTarget;
			buildConfigurationList = E9AC33CF23D93B82004EF69E /* Build configuration list for PBXNativeTarget "Bottle Stats" */;
			buildPhases = (
				E9AC33AC23D93B80004EF69E /* Sources */,
				E9AC33AD23D93B80004EF69E /* Frameworks */,
				E9AC33AE23D93B80004EF69E /* Resources */,
			);
			buildRules = (
			);
			dependencies = (
			);
			name = "Bottle Stats";
			packageProductDependencies = (
				E911905723DC3CEF00F92CF8 /* ModalView */,
				E966F5D023E920D000E42299 /* SwiftUICharts */,
			);
			productName = "Bottle Stats";
			productReference = E9AC33B023D93B80004EF69E /* Bottle Stats.app */;
			productType = "com.apple.product-type.application";
		};
		E9AC33C523D93B82004EF69E /* Bottle StatsTests */ = {
			isa = PBXNativeTarget;
			buildConfigurationList = E9AC33D223D93B82004EF69E /* Build configuration list for PBXNativeTarget "Bottle StatsTests" */;
			buildPhases = (
				E9AC33C223D93B82004EF69E /* Sources */,
				E9AC33C323D93B82004EF69E /* Frameworks */,
				E9AC33C423D93B82004EF69E /* Resources */,
			);
			buildRules = (
			);
			dependencies = (
				E9AC33C823D93B82004EF69E /* PBXTargetDependency */,
			);
			name = "Bottle StatsTests";
			productName = "Bottle StatsTests";
			productReference = E9AC33C623D93B82004EF69E /* Bottle StatsTests.xctest */;
			productType = "com.apple.product-type.bundle.unit-test";
		};
/* End PBXNativeTarget section */

/* Begin PBXProject section */
		E9AC33A823D93B80004EF69E /* Project object */ = {
			isa = PBXProject;
			attributes = {
				LastSwiftUpdateCheck = 1130;
				LastUpgradeCheck = 1130;
				ORGANIZATIONNAME = "Nathan Choi";
				TargetAttributes = {
					E9AC33AF23D93B80004EF69E = {
						CreatedOnToolsVersion = 11.3.1;
					};
					E9AC33C523D93B82004EF69E = {
						CreatedOnToolsVersion = 11.3.1;
						TestTargetID = E9AC33AF23D93B80004EF69E;
					};
				};
			};
			buildConfigurationList = E9AC33AB23D93B80004EF69E /* Build configuration list for PBXProject "Bottle Stats" */;
			compatibilityVersion = "Xcode 9.3";
			developmentRegion = en;
			hasScannedForEncodings = 0;
			knownRegions = (
				en,
				Base,
			);
			mainGroup = E9AC33A723D93B80004EF69E;
			packageReferences = (
				E911905623DC3CEF00F92CF8 /* XCRemoteSwiftPackageReference "modal-view" */,
				E966F5CF23E920D000E42299 /* XCRemoteSwiftPackageReference "ChartView" */,
			);
			productRefGroup = E9AC33B123D93B80004EF69E /* Products */;
			projectDirPath = "";
			projectRoot = "";
			targets = (
				E9AC33AF23D93B80004EF69E /* Bottle Stats */,
				E9AC33C523D93B82004EF69E /* Bottle StatsTests */,
			);
		};
/* End PBXProject section */

/* Begin PBXResourcesBuildPhase section */
		E9AC33AE23D93B80004EF69E /* Resources */ = {
			isa = PBXResourcesBuildPhase;
			buildActionMask = 2147483647;
			files = (
				E9AC33C023D93B81004EF69E /* LaunchScreen.storyboard in Resources */,
				E9AC33BD23D93B81004EF69E /* Preview Assets.xcassets in Resources */,
				E9AC33BA23D93B81004EF69E /* Assets.xcassets in Resources */,
			);
			runOnlyForDeploymentPostprocessing = 0;
		};
		E9AC33C423D93B82004EF69E /* Resources */ = {
			isa = PBXResourcesBuildPhase;
			buildActionMask = 2147483647;
			files = (
			);
			runOnlyForDeploymentPostprocessing = 0;
		};
/* End PBXResourcesBuildPhase section */

/* Begin PBXSourcesBuildPhase section */
		E9AC33AC23D93B80004EF69E /* Sources */ = {
			isa = PBXSourcesBuildPhase;
			buildActionMask = 2147483647;
			files = (
				E9CF7F8623EA169C00E743DD /* ConcentricOnboardingView.swift in Sources */,
				E9AC33B423D93B80004EF69E /* AppDelegate.swift in Sources */,
				E9DE7DFB23DD2C7A0038A912 /* Card.swift in Sources */,
				E9DE7DF923DD2B3E0038A912 /* ConnectionStatus.swift in Sources */,
				E966F5CE23E90F6000E42299 /* StatisticsView.swift in Sources */,
				E911905523DC2B0B00F92CF8 /* SettingsNavigation.swift in Sources */,
				E9AC33B623D93B80004EF69E /* SceneDelegate.swift in Sources */,
				E9CF7F8823EA27D000E743DD /* MapView.swift in Sources */,
				E9AC33B823D93B80004EF69E /* ContentView.swift in Sources */,
			);
			runOnlyForDeploymentPostprocessing = 0;
		};
		E9AC33C223D93B82004EF69E /* Sources */ = {
			isa = PBXSourcesBuildPhase;
			buildActionMask = 2147483647;
			files = (
			);
			runOnlyForDeploymentPostprocessing = 0;
		};
/* End PBXSourcesBuildPhase section */

/* Begin PBXTargetDependency section */
		E9AC33C823D93B82004EF69E /* PBXTargetDependency */ = {
			isa = PBXTargetDependency;
			target = E9AC33AF23D93B80004EF69E /* Bottle Stats */;
			targetProxy = E9AC33C723D93B82004EF69E /* PBXContainerItemProxy */;
		};
/* End PBXTargetDependency section */

/* Begin PBXVariantGroup section */
		E9AC33BE23D93B81004EF69E /* LaunchScreen.storyboard */ = {
			isa = PBXVariantGroup;
			children = (
				E9AC33BF23D93B81004EF69E /* Base */,
			);
			name = LaunchScreen.storyboard;
			sourceTree = "<group>";
		};
/* End PBXVariantGroup section */

/* Begin XCBuildConfiguration section */
		E9AC33CD23D93B82004EF69E /* Debug */ = {
			isa = XCBuildConfiguration;
			buildSettings = {
				ALWAYS_SEARCH_USER_PATHS = NO;
				CLANG_ANALYZER_NONNULL = YES;
				CLANG_ANALYZER_NUMBER_OBJECT_CONVERSION = YES_AGGRESSIVE;
				CLANG_CXX_LANGUAGE_STANDARD = "gnu++14";
				CLANG_CXX_LIBRARY = "libc++";
				CLANG_ENABLE_MODULES = YES;
				CLANG_ENABLE_OBJC_ARC = YES;
				CLANG_ENABLE_OBJC_WEAK = YES;
				CLANG_WARN_BLOCK_CAPTURE_AUTORELEASING = YES;
				CLANG_WARN_BOOL_CONVERSION = YES;
				CLANG_WARN_COMMA = YES;
				CLANG_WARN_CONSTANT_CONVERSION = YES;
				CLANG_WARN_DEPRECATED_OBJC_IMPLEMENTATIONS = YES;
				CLANG_WARN_DIRECT_OBJC_ISA_USAGE = YES_ERROR;
				CLANG_WARN_DOCUMENTATION_COMMENTS = YES;
				CLANG_WARN_EMPTY_BODY = YES;
				CLANG_WARN_ENUM_CONVERSION = YES;
				CLANG_WARN_INFINITE_RECURSION = YES;
				CLANG_WARN_INT_CONVERSION = YES;
				CLANG_WARN_NON_LITERAL_NULL_CONVERSION = YES;
				CLANG_WARN_OBJC_IMPLICIT_RETAIN_SELF = YES;
				CLANG_WARN_OBJC_LITERAL_CONVERSION = YES;
				CLANG_WARN_OBJC_ROOT_CLASS = YES_ERROR;
				CLANG_WARN_RANGE_LOOP_ANALYSIS = YES;
				CLANG_WARN_STRICT_PROTOTYPES = YES;
				CLANG_WARN_SUSPICIOUS_MOVE = YES;
				CLANG_WARN_UNGUARDED_AVAILABILITY = YES_AGGRESSIVE;
				CLANG_WARN_UNREACHABLE_CODE = YES;
				CLANG_WARN__DUPLICATE_METHOD_MATCH = YES;
				COPY_PHASE_STRIP = NO;
				DEBUG_INFORMATION_FORMAT = dwarf;
				ENABLE_STRICT_OBJC_MSGSEND = YES;
				ENABLE_TESTABILITY = YES;
				GCC_C_LANGUAGE_STANDARD = gnu11;
				GCC_DYNAMIC_NO_PIC = NO;
				GCC_NO_COMMON_BLOCKS = YES;
				GCC_OPTIMIZATION_LEVEL = 0;
				GCC_PREPROCESSOR_DEFINITIONS = (
					"DEBUG=1",
					"$(inherited)",
				);
				GCC_WARN_64_TO_32_BIT_CONVERSION = YES;
				GCC_WARN_ABOUT_RETURN_TYPE = YES_ERROR;
				GCC_WARN_UNDECLARED_SELECTOR = YES;
				GCC_WARN_UNINITIALIZED_AUTOS = YES_AGGRESSIVE;
				GCC_WARN_UNUSED_FUNCTION = YES;
				GCC_WARN_UNUSED_VARIABLE = YES;
				IPHONEOS_DEPLOYMENT_TARGET = 13.2;
				MTL_ENABLE_DEBUG_INFO = INCLUDE_SOURCE;
				MTL_FAST_MATH = YES;
				ONLY_ACTIVE_ARCH = YES;
				SDKROOT = iphoneos;
				SWIFT_ACTIVE_COMPILATION_CONDITIONS = DEBUG;
				SWIFT_OPTIMIZATION_LEVEL = "-Onone";
			};
			name = Debug;
		};
		E9AC33CE23D93B82004EF69E /* Release */ = {
			isa = XCBuildConfiguration;
			buildSettings = {
				ALWAYS_SEARCH_USER_PATHS = NO;
				CLANG_ANALYZER_NONNULL = YES;
				CLANG_ANALYZER_NUMBER_OBJECT_CONVERSION = YES_AGGRESSIVE;
				CLANG_CXX_LANGUAGE_STANDARD = "gnu++14";
				CLANG_CXX_LIBRARY = "libc++";
				CLANG_ENABLE_MODULES = YES;
				CLANG_ENABLE_OBJC_ARC = YES;
				CLANG_ENABLE_OBJC_WEAK = YES;
				CLANG_WARN_BLOCK_CAPTURE_AUTORELEASING = YES;
				CLANG_WARN_BOOL_CONVERSION = YES;
				CLANG_WARN_COMMA = YES;
				CLANG_WARN_CONSTANT_CONVERSION = YES;
				CLANG_WARN_DEPRECATED_OBJC_IMPLEMENTATIONS = YES;
				CLANG_WARN_DIRECT_OBJC_ISA_USAGE = YES_ERROR;
				CLANG_WARN_DOCUMENTATION_COMMENTS = YES;
				CLANG_WARN_EMPTY_BODY = YES;
				CLANG_WARN_ENUM_CONVERSION = YES;
				CLANG_WARN_INFINITE_RECURSION = YES;
				CLANG_WARN_INT_CONVERSION = YES;
				CLANG_WARN_NON_LITERAL_NULL_CONVERSION = YES;
				CLANG_WARN_OBJC_IMPLICIT_RETAIN_SELF = YES;
				CLANG_WARN_OBJC_LITERAL_CONVERSION = YES;
				CLANG_WARN_OBJC_ROOT_CLASS = YES_ERROR;
				CLANG_WARN_RANGE_LOOP_ANALYSIS = YES;
				CLANG_WARN_STRICT_PROTOTYPES = YES;
				CLANG_WARN_SUSPICIOUS_MOVE = YES;
				CLANG_WARN_UNGUARDED_AVAILABILITY = YES_AGGRESSIVE;
				CLANG_WARN_UNREACHABLE_CODE = YES;
				CLANG_WARN__DUPLICATE_METHOD_MATCH = YES;
				COPY_PHASE_STRIP = NO;
				DEBUG_INFORMATION_FORMAT = "dwarf-with-dsym";
				ENABLE_NS_ASSERTIONS = NO;
				ENABLE_STRICT_OBJC_MSGSEND = YES;
				GCC_C_LANGUAGE_STANDARD = gnu11;
				GCC_NO_COMMON_BLOCKS = YES;
				GCC_WARN_64_TO_32_BIT_CONVERSION = YES;
				GCC_WARN_ABOUT_RETURN_TYPE = YES_ERROR;
				GCC_WARN_UNDECLARED_SELECTOR = YES;
				GCC_WARN_UNINITIALIZED_AUTOS = YES_AGGRESSIVE;
				GCC_WARN_UNUSED_FUNCTION = YES;
				GCC_WARN_UNUSED_VARIABLE = YES;
				IPHONEOS_DEPLOYMENT_TARGET = 13.2;
				MTL_ENABLE_DEBUG_INFO = NO;
				MTL_FAST_MATH = YES;
				SDKROOT = iphoneos;
				SWIFT_COMPILATION_MODE = wholemodule;
				SWIFT_OPTIMIZATION_LEVEL = "-O";
				VALIDATE_PRODUCT = YES;
			};
			name = Release;
		};
		E9AC33D023D93B82004EF69E /* Debug */ = {
			isa = XCBuildConfiguration;
			buildSettings = {
				ASSETCATALOG_COMPILER_APPICON_NAME = AppIcon;
				CODE_SIGN_STYLE = Automatic;
				DEVELOPMENT_ASSET_PATHS = "\"Bottle Stats/Preview Content\"";
				DEVELOPMENT_TEAM = C53YYLJPD6;
				ENABLE_PREVIEWS = YES;
				INFOPLIST_FILE = "Bottle Stats/Info.plist";
				LD_RUNPATH_SEARCH_PATHS = (
					"$(inherited)",
					"@executable_path/Frameworks",
				);
				PRODUCT_BUNDLE_IDENTIFIER = "com.b0kch01.Bottle-Stats";
				PRODUCT_NAME = "$(TARGET_NAME)";
				SWIFT_VERSION = 5.0;
				TARGETED_DEVICE_FAMILY = 1;
			};
			name = Debug;
		};
		E9AC33D123D93B82004EF69E /* Release */ = {
			isa = XCBuildConfiguration;
			buildSettings = {
				ASSETCATALOG_COMPILER_APPICON_NAME = AppIcon;
				CODE_SIGN_STYLE = Automatic;
				DEVELOPMENT_ASSET_PATHS = "\"Bottle Stats/Preview Content\"";
				DEVELOPMENT_TEAM = C53YYLJPD6;
				ENABLE_PREVIEWS = YES;
				INFOPLIST_FILE = "Bottle Stats/Info.plist";
				LD_RUNPATH_SEARCH_PATHS = (
					"$(inherited)",
					"@executable_path/Frameworks",
				);
				PRODUCT_BUNDLE_IDENTIFIER = "com.b0kch01.Bottle-Stats";
				PRODUCT_NAME = "$(TARGET_NAME)";
				SWIFT_VERSION = 5.0;
				TARGETED_DEVICE_FAMILY = 1;
			};
			name = Release;
		};
		E9AC33D323D93B82004EF69E /* Debug */ = {
			isa = XCBuildConfiguration;
			buildSettings = {
				ALWAYS_EMBED_SWIFT_STANDARD_LIBRARIES = YES;
				BUNDLE_LOADER = "$(TEST_HOST)";
				CODE_SIGN_STYLE = Automatic;
				DEVELOPMENT_TEAM = C53YYLJPD6;
				INFOPLIST_FILE = "Bottle StatsTests/Info.plist";
				IPHONEOS_DEPLOYMENT_TARGET = 13.2;
				LD_RUNPATH_SEARCH_PATHS = (
					"$(inherited)",
					"@executable_path/Frameworks",
					"@loader_path/Frameworks",
				);
				PRODUCT_BUNDLE_IDENTIFIER = "com.b0kch01.Bottle-StatsTests";
				PRODUCT_NAME = "$(TARGET_NAME)";
				SWIFT_VERSION = 5.0;
				TARGETED_DEVICE_FAMILY = "1,2";
				TEST_HOST = "$(BUILT_PRODUCTS_DIR)/Bottle Stats.app/Bottle Stats";
			};
			name = Debug;
		};
		E9AC33D423D93B82004EF69E /* Release */ = {
			isa = XCBuildConfiguration;
			buildSettings = {
				ALWAYS_EMBED_SWIFT_STANDARD_LIBRARIES = YES;
				BUNDLE_LOADER = "$(TEST_HOST)";
				CODE_SIGN_STYLE = Automatic;
				DEVELOPMENT_TEAM = C53YYLJPD6;
				INFOPLIST_FILE = "Bottle StatsTests/Info.plist";
				IPHONEOS_DEPLOYMENT_TARGET = 13.2;
				LD_RUNPATH_SEARCH_PATHS = (
					"$(inherited)",
					"@executable_path/Frameworks",
					"@loader_path/Frameworks",
				);
				PRODUCT_BUNDLE_IDENTIFIER = "com.b0kch01.Bottle-StatsTests";
				PRODUCT_NAME = "$(TARGET_NAME)";
				SWIFT_VERSION = 5.0;
				TARGETED_DEVICE_FAMILY = "1,2";
				TEST_HOST = "$(BUILT_PRODUCTS_DIR)/Bottle Stats.app/Bottle Stats";
			};
			name = Release;
		};
/* End XCBuildConfiguration section */

/* Begin XCConfigurationList section */
		E9AC33AB23D93B80004EF69E /* Build configuration list for PBXProject "Bottle Stats" */ = {
			isa = XCConfigurationList;
			buildConfigurations = (
				E9AC33CD23D93B82004EF69E /* Debug */,
				E9AC33CE23D93B82004EF69E /* Release */,
			);
			defaultConfigurationIsVisible = 0;
			defaultConfigurationName = Release;
		};
		E9AC33CF23D93B82004EF69E /* Build configuration list for PBXNativeTarget "Bottle Stats" */ = {
			isa = XCConfigurationList;
			buildConfigurations = (
				E9AC33D023D93B82004EF69E /* Debug */,
				E9AC33D123D93B82004EF69E /* Release */,
			);
			defaultConfigurationIsVisible = 0;
			defaultConfigurationName = Release;
		};
		E9AC33D223D93B82004EF69E /* Build configuration list for PBXNativeTarget "Bottle StatsTests" */ = {
			isa = XCConfigurationList;
			buildConfigurations = (
				E9AC33D323D93B82004EF69E /* Debug */,
				E9AC33D423D93B82004EF69E /* Release */,
			);
			defaultConfigurationIsVisible = 0;
			defaultConfigurationName = Release;
		};
/* End XCConfigurationList section */

/* Begin XCRemoteSwiftPackageReference section */
		E911905623DC3CEF00F92CF8 /* XCRemoteSwiftPackageReference "modal-view" */ = {
			isa = XCRemoteSwiftPackageReference;
			repositoryURL = "https://github.com/diniska/modal-view";
			requirement = {
				branch = master;
				kind = branch;
			};
		};
		E966F5CF23E920D000E42299 /* XCRemoteSwiftPackageReference "ChartView" */ = {
			isa = XCRemoteSwiftPackageReference;
			repositoryURL = "https://github.com/AppPear/ChartView";
			requirement = {
				kind = upToNextMajorVersion;
				minimumVersion = 1.4.7;
			};
		};
/* End XCRemoteSwiftPackageReference section */

/* Begin XCSwiftPackageProductDependency section */
		E911905723DC3CEF00F92CF8 /* ModalView */ = {
			isa = XCSwiftPackageProductDependency;
			package = E911905623DC3CEF00F92CF8 /* XCRemoteSwiftPackageReference "modal-view" */;
			productName = ModalView;
		};
		E966F5D023E920D000E42299 /* SwiftUICharts */ = {
			isa = XCSwiftPackageProductDependency;
			package = E966F5CF23E920D000E42299 /* XCRemoteSwiftPackageReference "ChartView" */;
			productName = SwiftUICharts;
		};
/* End XCSwiftPackageProductDependency section */
	};
	rootObject = E9AC33A823D93B80004EF69E /* Project object */;
}
